
Microsoft Visual Studio Solution File, Format Version 12.00
# Visual Studio Version 17
VisualStudioVersion = 17.14.36127.28 d17.14
MinimumVisualStudioVersion = 10.0.40219.1
Project("{FAE04EC0-301F-11D3-BF4B-00C04F79EFBC}") = "ExercicioGit", "ExercicioGit\ExercicioGit.csproj", "{D715BDCA-7C1F-4135-95B5-BFC70DE58848}"
EndProject
Global
	GlobalSection(SolutionConfigurationPlatforms) = preSolution
		Debug|Any CPU = Debug|Any CPU
		Release|Any CPU = Release|Any CPU
	EndGlobalSection
	GlobalSection(ProjectConfigurationPlatforms) = postSolution
		{D715BDCA-7C1F-4135-95B5-BFC70DE58848}.Debug|Any CPU.ActiveCfg = Debug|Any CPU
		{D715BDCA-7C1F-4135-95B5-BFC70DE58848}.Debug|Any CPU.Build.0 = Debug|Any CPU
		{D715BDCA-7C1F-4135-95B5-BFC70DE58848}.Release|Any CPU.ActiveCfg = Release|Any CPU
		{D715BDCA-7C1F-4135-95B5-BFC70DE58848}.Release|Any CPU.Build.0 = Release|Any CPU
	EndGlobalSection
	GlobalSection(SolutionProperties) = preSolution
		HideSolutionNode = FALSE
	EndGlobalSection
	GlobalSection(ExtensibilityGlobals) = postSolution
		SolutionGuid = {D893EF3C-EA82-4953-B8AC-DEDA275869DF}
	EndGlobalSection
EndGlobal
